
Microsoft Visual Studio Solution File, Format Version 12.00
# Visual Studio Version 16
VisualStudioVersion = 16.0.29411.108
MinimumVisualStudioVersion = 10.0.40219.1
Project("{FAE04EC0-301F-11D3-BF4B-00C04F79EFBC}") = "NcicInquiryMicroCore", "NcicInquiryMicroCore.csproj", "{30F33301-46CF-4F3A-A10A-7177F33571CA}"
EndProject
Global
	GlobalSection(SolutionConfigurationPlatforms) = preSolution
		Debug|Any CPU = Debug|Any CPU
		Release|Any CPU = Release|Any CPU
	EndGlobalSection
	GlobalSection(ProjectConfigurationPlatforms) = postSolution
		{30F33301-46CF-4F3A-A10A-7177F33571CA}.Debug|Any CPU.ActiveCfg = Debug|Any CPU
		{30F33301-46CF-4F3A-A10A-7177F33571CA}.Debug|Any CPU.Build.0 = Debug|Any CPU
		{30F33301-46CF-4F3A-A10A-7177F33571CA}.Release|Any CPU.ActiveCfg = Release|Any CPU
		{30F33301-46CF-4F3A-A10A-7177F33571CA}.Release|Any CPU.Build.0 = Release|Any CPU
	EndGlobalSection
	GlobalSection(SolutionProperties) = preSolution
		HideSolutionNode = FALSE
	EndGlobalSection
	GlobalSection(ExtensibilityGlobals) = postSolution
		SolutionGuid = {59C5E694-8F52-4893-8A73-FEB2CF47437F}
	EndGlobalSection
EndGlobal
